{
  "name": "validate-data-javascript",
  "version": "0.1.0",
  "lockfileVersion": 2,
  "requires": true,
  "packages": {
    "": {
      "version": "0.1.0",
      "license": "WTFPL",
      "devDependencies": {
        "zora": "^5.0.0"
      }
    },
    "node_modules/zora": {
      "version": "5.0.0",
      "resolved": "https://registry.npmjs.org/zora/-/zora-5.0.0.tgz",
      "integrity": "sha512-fA6RdNLtzcCxy4m+HsWYVBnme7Jt1Ez4OgEMo62i6LanJCHawAhZ0n57hetWO35M/057eLVFRbtq7JTBpFNybg==",
      "dev": true
    }
  },
  "dependencies": {
    "zora": {
      "version": "5.0.0",
      "resolved": "https://registry.npmjs.org/zora/-/zora-5.0.0.tgz",
      "integrity": "sha512-fA6RdNLtzcCxy4m+HsWYVBnme7Jt1Ez4OgEMo62i6LanJCHawAhZ0n57hetWO35M/057eLVFRbtq7JTBpFNybg==",
      "dev": true
    }
  }
}
